# This file is automatically @generated by Poetry 1.8.3 and should not be changed by hand.

[[package]]
name = "click"
version = "8.1.3"
description = "Composable command line interface toolkit"
optional = false
python-versions = ">=3.7"
files = [
    {file = "click-8.1.3-py3-none-any.whl", hash = "sha256:bb4d8133cb15a609f44e8213d9b391b0809795062913b383c62be0ee95b1db48"},
    {file = "click-8.1.3.tar.gz", hash = "sha256:7682dc8afb30297001674575ea00d1814d808d6a36af415a82bd481d37ba7b8e"},
]

[package.dependencies]
colorama = {version = "*", markers = "platform_system == \"Windows\""}

[[package]]
name = "colorama"
version = "0.4.6"
description = "Cross-platform colored terminal text."
optional = false
python-versions = "!=3.0.*,!=3.1.*,!=3.2.*,!=3.3.*,!=3.4.*,!=3.5.*,!=3.6.*,>=2.7"
files = [
    {file = "colorama-0.4.6-py2.py3-none-any.whl", hash = "sha256:4f1d9991f5acc0ca119f9d443620b77f9d6b33703e51011c16baf57afb285fc6"},
    {file = "colorama-0.4.6.tar.gz", hash = "sha256:08695f5cb7ed6e0531a20572697297273c47b8cae5a63ffc6d6ed5c201be6e44"},
]

[[package]]
name = "dnspython"
version = "2.6.1"
description = "DNS toolkit"
optional = false
python-versions = ">=3.8"
files = [
    {file = "dnspython-2.6.1-py3-none-any.whl", hash = "sha256:5ef3b9680161f6fa89daf8ad451b5f1a33b18ae8a1c6778cdf4b43f08c0a6e50"},
    {file = "dnspython-2.6.1.tar.gz", hash = "sha256:e8f0f9c23a7b7cb99ded64e6c3a6f3e701d78f50c55e002b839dea7225cff7cc"},
]

[package.extras]
dev = ["black (>=23.1.0)", "coverage (>=7.0)", "flake8 (>=7)", "mypy (>=1.8)", "pylint (>=3)", "pytest (>=7.4)", "pytest-cov (>=4.1.0)", "sphinx (>=7.2.0)", "twine (>=4.0.0)", "wheel (>=0.42.0)"]
dnssec = ["cryptography (>=41)"]
doh = ["h2 (>=4.1.0)", "httpcore (>=1.0.0)", "httpx (>=0.26.0)"]
doq = ["aioquic (>=0.9.25)"]
idna = ["idna (>=3.6)"]
trio = ["trio (>=0.23)"]
wmi = ["wmi (>=1.5.1)"]

[[package]]
name = "flask"
version = "2.2.5"
description = "A simple framework for building complex web applications."
optional = false
python-versions = ">=3.7"
files = [
    {file = "Flask-2.2.5-py3-none-any.whl", hash = "sha256:58107ed83443e86067e41eff4631b058178191a355886f8e479e347fa1285fdf"},
    {file = "Flask-2.2.5.tar.gz", hash = "sha256:edee9b0a7ff26621bd5a8c10ff484ae28737a2410d99b0bb9a6850c7fb977aa0"},
]

[package.dependencies]
click = ">=8.0"
importlib-metadata = {version = ">=3.6.0", markers = "python_version < \"3.10\""}
itsdangerous = ">=2.0"
Jinja2 = ">=3.0"
Werkzeug = ">=2.2.2"

[package.extras]
async = ["asgiref (>=3.2)"]
dotenv = ["python-dotenv"]

[[package]]
name = "importlib-metadata"
version = "6.1.0"
description = "Read metadata from Python packages"
optional = false
python-versions = ">=3.7"
files = [
    {file = "importlib_metadata-6.1.0-py3-none-any.whl", hash = "sha256:ff80f3b5394912eb1b108fcfd444dc78b7f1f3e16b16188054bd01cb9cb86f09"},
    {file = "importlib_metadata-6.1.0.tar.gz", hash = "sha256:43ce9281e097583d758c2c708c4376371261a02c34682491a8e98352365aad20"},
]

[package.dependencies]
zipp = ">=0.5"

[package.extras]
docs = ["furo", "jaraco.packaging (>=9)", "jaraco.tidelift (>=1.4)", "rst.linker (>=1.9)", "sphinx (>=3.5)", "sphinx-lint"]
perf = ["ipython"]
testing = ["flake8 (<5)", "flufl.flake8", "importlib-resources (>=1.3)", "packaging", "pyfakefs", "pytest (>=6)", "pytest-black (>=0.3.7)", "pytest-checkdocs (>=2.4)", "pytest-cov", "pytest-enabler (>=1.3)", "pytest-flake8", "pytest-mypy (>=0.9.1)", "pytest-perf (>=0.9.2)"]

[[package]]
name = "itsdangerous"
version = "2.1.2"
description = "Safely pass data to untrusted environments and back."
optional = false
python-versions = ">=3.7"
files = [
    {file = "itsdangerous-2.1.2-py3-none-any.whl", hash = "sha256:2c2349112351b88699d8d4b6b075022c0808887cb7ad10069318a8b0bc88db44"},
    {file = "itsdangerous-2.1.2.tar.gz", hash = "sha256:5dbbc68b317e5e42f327f9021763545dc3fc3bfe22e6deb96aaf1fc38874156a"},
]

[[package]]
name = "jinja2"
version = "3.1.4"
description = "A very fast and expressive template engine."
optional = false
python-versions = ">=3.7"
files = [
    {file = "jinja2-3.1.4-py3-none-any.whl", hash = "sha256:bc5dd2abb727a5319567b7a813e6a2e7318c39f4f487cfe6c89c6f9c7d25197d"},
    {file = "jinja2-3.1.4.tar.gz", hash = "sha256:4a3aee7acbbe7303aede8e9648d13b8bf88a429282aa6122a993f0ac800cb369"},
]

[package.dependencies]
MarkupSafe = ">=2.0"

[package.extras]
i18n = ["Babel (>=2.7)"]

[[package]]
name = "markupsafe"
version = "2.1.2"
description = "Safely add untrusted strings to HTML/XML markup."
optional = false
python-versions = ">=3.7"
files = [
    {file = "MarkupSafe-2.1.2-cp310-cp310-macosx_10_9_universal2.whl", hash = "sha256:665a36ae6f8f20a4676b53224e33d456a6f5a72657d9c83c2aa00765072f31f7"},
    {file = "MarkupSafe-2.1.2-cp310-cp310-macosx_10_9_x86_64.whl", hash = "sha256:340bea174e9761308703ae988e982005aedf427de816d1afe98147668cc03036"},
    {file = "MarkupSafe-2.1.2-cp310-cp310-manylinux_2_17_aarch64.manylinux2014_aarch64.whl", hash = "sha256:22152d00bf4a9c7c83960521fc558f55a1adbc0631fbb00a9471e097b19d72e1"},
    {file = "MarkupSafe-2.1.2-cp310-cp310-manylinux_2_17_x86_64.manylinux2014_x86_64.whl", hash = "sha256:28057e985dace2f478e042eaa15606c7efccb700797660629da387eb289b9323"},
    {file = "MarkupSafe-2.1.2-cp310-cp310-manylinux_2_5_i686.manylinux1_i686.manylinux_2_17_i686.manylinux2014_i686.whl", hash = "sha256:ca244fa73f50a800cf8c3ebf7fd93149ec37f5cb9596aa8873ae2c1d23498601"},
    {file = "MarkupSafe-2.1.2-cp310-cp310-musllinux_1_1_aarch64.whl", hash = "sha256:d9d971ec1e79906046aa3ca266de79eac42f1dbf3612a05dc9368125952bd1a1"},
    {file = "MarkupSafe-2.1.2-cp310-cp310-musllinux_1_1_i686.whl", hash = "sha256:7e007132af78ea9df29495dbf7b5824cb71648d7133cf7848a2a5dd00d36f9ff"},
    {file = "MarkupSafe-2.1.2-cp310-cp310-musllinux_1_1_x86_64.whl", hash = "sha256:7313ce6a199651c4ed9d7e4cfb4aa56fe923b1adf9af3b420ee14e6d9a73df65"},
    {file = "MarkupSafe-2.1.2-cp310-cp310-win32.whl", hash = "sha256:c4a549890a45f57f1ebf99c067a4ad0cb423a05544accaf2b065246827ed9603"},
    {file = "MarkupSafe-2.1.2-cp310-cp310-win_amd64.whl", hash = "sha256:835fb5e38fd89328e9c81067fd642b3593c33e1e17e2fdbf77f5676abb14a156"},
    {file = "MarkupSafe-2.1.2-cp311-cp311-macosx_10_9_universal2.whl", hash = "sha256:2ec4f2d48ae59bbb9d1f9d7efb9236ab81429a764dedca114f5fdabbc3788013"},
    {file = "MarkupSafe-2.1.2-cp311-cp311-macosx_10_9_x86_64.whl", hash = "sha256:608e7073dfa9e38a85d38474c082d4281f4ce276ac0010224eaba11e929dd53a"},
    {file = "MarkupSafe-2.1.2-cp311-cp311-manylinux_2_17_aarch64.manylinux2014_aarch64.whl", hash = "sha256:65608c35bfb8a76763f37036547f7adfd09270fbdbf96608be2bead319728fcd"},
    {file = "MarkupSafe-2.1.2-cp311-cp311-manylinux_2_17_x86_64.manylinux2014_x86_64.whl", hash = "sha256:f2bfb563d0211ce16b63c7cb9395d2c682a23187f54c3d79bfec33e6705473c6"},
    {file = "MarkupSafe-2.1.2-cp311-cp311-manylinux_2_5_i686.manylinux1_i686.manylinux_2_17_i686.manylinux2014_i686.whl", hash = "sha256:da25303d91526aac3672ee6d49a2f3db2d9502a4a60b55519feb1a4c7714e07d"},
    {file = "MarkupSafe-2.1.2-cp311-cp311-musllinux_1_1_aarch64.whl", hash = "sha256:9cad97ab29dfc3f0249b483412c85c8ef4766d96cdf9dcf5a1e3caa3f3661cf1"},
    {file = "MarkupSafe-2.1.2-cp311-cp311-musllinux_1_1_i686.whl", hash = "sha256:085fd3201e7b12809f9e6e9bc1e5c96a368c8523fad5afb02afe3c051ae4afcc"},
    {file = "MarkupSafe-2.1.2-cp311-cp311-musllinux_1_1_x86_64.whl", hash = "sha256:1bea30e9bf331f3fef67e0a3877b2288593c98a21ccb2cf29b74c581a4eb3af0"},
    {file = "MarkupSafe-2.1.2-cp311-cp311-win32.whl", hash = "sha256:7df70907e00c970c60b9ef2938d894a9381f38e6b9db73c5be35e59d92e06625"},
    {file = "MarkupSafe-2.1.2-cp311-cp311-win_amd64.whl", hash = "sha256:e55e40ff0cc8cc5c07996915ad367fa47da6b3fc091fdadca7f5403239c5fec3"},
    {file = "MarkupSafe-2.1.2-cp37-cp37m-macosx_10_9_x86_64.whl", hash = "sha256:a6e40afa7f45939ca356f348c8e23048e02cb109ced1eb8420961b2f40fb373a"},
    {file = "MarkupSafe-2.1.2-cp37-cp37m-manylinux_2_17_aarch64.manylinux2014_aarch64.whl", hash = "sha256:cf877ab4ed6e302ec1d04952ca358b381a882fbd9d1b07cccbfd61783561f98a"},
    {file = "MarkupSafe-2.1.2-cp37-cp37m-manylinux_2_17_x86_64.manylinux2014_x86_64.whl", hash = "sha256:63ba06c9941e46fa389d389644e2d8225e0e3e5ebcc4ff1ea8506dce646f8c8a"},
    {file = "MarkupSafe-2.1.2-cp37-cp37m-manylinux_2_5_i686.manylinux1_i686.manylinux_2_17_i686.manylinux2014_i686.whl", hash = "sha256:f1cd098434e83e656abf198f103a8207a8187c0fc110306691a2e94a78d0abb2"},
    {file = "MarkupSafe-2.1.2-cp37-cp37m-musllinux_1_1_aarch64.whl", hash = "sha256:55f44b440d491028addb3b88f72207d71eeebfb7b5dbf0643f7c023ae1fba619"},
    {file = "MarkupSafe-2.1.2-cp37-cp37m-musllinux_1_1_i686.whl", hash = "sha256:a6f2fcca746e8d5910e18782f976489939d54a91f9411c32051b4aab2bd7c513"},
    {file = "MarkupSafe-2.1.2-cp37-cp37m-musllinux_1_1_x86_64.whl", hash = "sha256:0b462104ba25f1ac006fdab8b6a01ebbfbce9ed37fd37fd4acd70c67c973e460"},
    {file = "MarkupSafe-2.1.2-cp37-cp37m-win32.whl", hash = "sha256:7668b52e102d0ed87cb082380a7e2e1e78737ddecdde129acadb0eccc5423859"},
    {file = "MarkupSafe-2.1.2-cp37-cp37m-win_amd64.whl", hash = "sha256:6d6607f98fcf17e534162f0709aaad3ab7a96032723d8ac8750ffe17ae5a0666"},
    {file = "MarkupSafe-2.1.2-cp38-cp38-macosx_10_9_universal2.whl", hash = "sha256:a806db027852538d2ad7555b203300173dd1b77ba116de92da9afbc3a3be3eed"},
    {file = "MarkupSafe-2.1.2-cp38-cp38-macosx_10_9_x86_64.whl", hash = "sha256:a4abaec6ca3ad8660690236d11bfe28dfd707778e2442b45addd2f086d6ef094"},
    {file = "MarkupSafe-2.1.2-cp38-cp38-manylinux_2_17_aarch64.manylinux2014_aarch64.whl", hash = "sha256:f03a532d7dee1bed20bc4884194a16160a2de9ffc6354b3878ec9682bb623c54"},
    {file = "MarkupSafe-2.1.2-cp38-cp38-manylinux_2_17_x86_64.manylinux2014_x86_64.whl", hash = "sha256:4cf06cdc1dda95223e9d2d3c58d3b178aa5dacb35ee7e3bbac10e4e1faacb419"},
    {file = "MarkupSafe-2.1.2-cp38-cp38-manylinux_2_5_i686.manylinux1_i686.manylinux_2_17_i686.manylinux2014_i686.whl", hash = "sha256:22731d79ed2eb25059ae3df1dfc9cb1546691cc41f4e3130fe6bfbc3ecbbecfa"},
    {file = "MarkupSafe-2.1.2-cp38-cp38-musllinux_1_1_aarch64.whl", hash = "sha256:f8ffb705ffcf5ddd0e80b65ddf7bed7ee4f5a441ea7d3419e861a12eaf41af58"},
    {file = "MarkupSafe-2.1.2-cp38-cp38-musllinux_1_1_i686.whl", hash = "sha256:8db032bf0ce9022a8e41a22598eefc802314e81b879ae093f36ce9ddf39ab1ba"},
    {file = "MarkupSafe-2.1.2-cp38-cp38-musllinux_1_1_x86_64.whl", hash = "sha256:2298c859cfc5463f1b64bd55cb3e602528db6fa0f3cfd568d3605c50678f8f03"},
    {file = "MarkupSafe-2.1.2-cp38-cp38-win32.whl", hash = "sha256:50c42830a633fa0cf9e7d27664637532791bfc31c731a87b202d2d8ac40c3ea2"},
    {file = "MarkupSafe-2.1.2-cp38-cp38-win_amd64.whl", hash = "sha256:bb06feb762bade6bf3c8b844462274db0c76acc95c52abe8dbed28ae3d44a147"},
    {file = "MarkupSafe-2.1.2-cp39-cp39-macosx_10_9_universal2.whl", hash = "sha256:99625a92da8229df6d44335e6fcc558a5037dd0a760e11d84be2260e6f37002f"},
    {file = "MarkupSafe-2.1.2-cp39-cp39-macosx_10_9_x86_64.whl", hash = "sha256:8bca7e26c1dd751236cfb0c6c72d4ad61d986e9a41bbf76cb445f69488b2a2bd"},
    {file = "MarkupSafe-2.1.2-cp39-cp39-manylinux_2_17_aarch64.manylinux2014_aarch64.whl", hash = "sha256:40627dcf047dadb22cd25ea7ecfe9cbf3bbbad0482ee5920b582f3809c97654f"},
    {file = "MarkupSafe-2.1.2-cp39-cp39-manylinux_2_17_x86_64.manylinux2014_x86_64.whl", hash = "sha256:40dfd3fefbef579ee058f139733ac336312663c6706d1163b82b3003fb1925c4"},
    {file = "MarkupSafe-2.1.2-cp39-cp39-manylinux_2_5_i686.manylinux1_i686.manylinux_2_17_i686.manylinux2014_i686.whl", hash = "sha256:090376d812fb6ac5f171e5938e82e7f2d7adc2b629101cec0db8b267815c85e2"},
    {file = "MarkupSafe-2.1.2-cp39-cp39-musllinux_1_1_aarch64.whl", hash = "sha256:2e7821bffe00aa6bd07a23913b7f4e01328c3d5cc0b40b36c0bd81d362faeb65"},
    {file = "MarkupSafe-2.1.2-cp39-cp39-musllinux_1_1_i686.whl", hash = "sha256:c0a33bc9f02c2b17c3ea382f91b4db0e6cde90b63b296422a939886a7a80de1c"},
    {file = "MarkupSafe-2.1.2-cp39-cp39-musllinux_1_1_x86_64.whl", hash = "sha256:b8526c6d437855442cdd3d87eede9c425c4445ea011ca38d937db299382e6fa3"},
    {file = "MarkupSafe-2.1.2-cp39-cp39-win32.whl", hash = "sha256:137678c63c977754abe9086a3ec011e8fd985ab90631145dfb9294ad09c102a7"},
    {file = "MarkupSafe-2.1.2-cp39-cp39-win_amd64.whl", hash = "sha256:0576fe974b40a400449768941d5d0858cc624e3249dfd1e0c33674e5c7ca7aed"},
    {file = "MarkupSafe-2.1.2.tar.gz", hash = "sha256:abcabc8c2b26036d62d4c746381a6f7cf60aafcc653198ad678306986b09450d"},
]

[[package]]
name = "pymongo"
version = "4.6.3"
description = "Python driver for MongoDB <http://www.mongodb.org>"
optional = false
python-versions = ">=3.7"
files = [
    {file = "pymongo-4.6.3-cp310-cp310-macosx_10_9_universal2.whl", hash = "sha256:e344d0afdd7c06c1f1e66a4736593293f432defc2191e6b411fc9c82fa8c5adc"},
    {file = "pymongo-4.6.3-cp310-cp310-manylinux1_i686.whl", hash = "sha256:731a92dfc4022db763bfa835c6bd160f2d2cba6ada75749c2ed500e13983414b"},
    {file = "pymongo-4.6.3-cp310-cp310-manylinux2014_aarch64.whl", hash = "sha256:c4726e36a2f7e92f09f5b8e92ba4db7525daffe31a0dcbcf0533edc0ade8c7d8"},
    {file = "pymongo-4.6.3-cp310-cp310-manylinux2014_i686.whl", hash = "sha256:00e6cfce111883ca63a3c12878286e0b89871f4b840290e61fb6f88ee0e687be"},
    {file = "pymongo-4.6.3-cp310-cp310-manylinux2014_ppc64le.whl", hash = "sha256:cc7a26edf79015c58eea46feb5b262cece55bc1d4929a8a9e0cbe7e6d6a9b0eb"},
    {file = "pymongo-4.6.3-cp310-cp310-manylinux2014_s390x.whl", hash = "sha256:4955be64d943b30f2a7ff98d818ca530f7cb37450bc6b32c37e0e74821907ef8"},
    {file = "pymongo-4.6.3-cp310-cp310-manylinux2014_x86_64.whl", hash = "sha256:af039afc6d787502c02089759778b550cb2f25dbe2780f5b050a2e37031c3fbf"},
    {file = "pymongo-4.6.3-cp310-cp310-manylinux_2_17_aarch64.manylinux2014_aarch64.whl", hash = "sha256:ccc15a7c7a99aed7d0831eaf78a607f1db0c7a255f96e3d18984231acd72f70c"},
    {file = "pymongo-4.6.3-cp310-cp310-manylinux_2_17_ppc64le.manylinux2014_ppc64le.whl", hash = "sha256:8e97c138d811e9367723fcd07c4402a9211caae20479fdd6301d57762778a69f"},
    {file = "pymongo-4.6.3-cp310-cp310-manylinux_2_17_s390x.manylinux2014_s390x.whl", hash = "sha256:ebcc145c74d06296ce0cad35992185064e5cb2aadef719586778c144f0cd4d37"},
    {file = "pymongo-4.6.3-cp310-cp310-manylinux_2_17_x86_64.manylinux2014_x86_64.whl", hash = "sha256:664c64b6bdb31aceb80f0556951e5e2bf50d359270732268b4e7af00a1cf5d6c"},
    {file = "pymongo-4.6.3-cp310-cp310-manylinux_2_5_i686.manylinux1_i686.manylinux_2_17_i686.manylinux2014_i686.whl", hash = "sha256:e4056bc421d4df2c61db4e584415f2b0f1eebb92cbf9222f7f38303467c37117"},
    {file = "pymongo-4.6.3-cp310-cp310-win32.whl", hash = "sha256:cdbea2aac1a4caa66ee912af3601557d2bda2f9f69feec83601c78c7e53ece64"},
    {file = "pymongo-4.6.3-cp310-cp310-win_amd64.whl", hash = "sha256:6cec7279e5a1b74b257d0270a8c97943d745811066630a6bc6beb413c68c6a33"},
    {file = "pymongo-4.6.3-cp311-cp311-macosx_10_9_universal2.whl", hash = "sha256:138b9fa18d40401c217bc038a48bcde4160b02d36d8632015b1804971a2eaa2f"},
    {file = "pymongo-4.6.3-cp311-cp311-manylinux_2_17_aarch64.manylinux2014_aarch64.whl", hash = "sha256:60931b0e07448afe8866ffff764cd5bf4b1a855dc84c7dcb3974c6aa6a377a59"},
    {file = "pymongo-4.6.3-cp311-cp311-manylinux_2_17_ppc64le.manylinux2014_ppc64le.whl", hash = "sha256:9b35f8bded43ff91475305445fedf0613f880ff7e25c75ae1028e1260a9b7a86"},
    {file = "pymongo-4.6.3-cp311-cp311-manylinux_2_17_s390x.manylinux2014_s390x.whl", hash = "sha256:872bad5c83f7eec9da11e1fef5f858c6a4c79fe4a83c7780e7b0fe95d560ae3f"},
    {file = "pymongo-4.6.3-cp311-cp311-manylinux_2_17_x86_64.manylinux2014_x86_64.whl", hash = "sha256:c2ad3e5bfcd345c0bfe9af69a82d720860b5b043c1657ffb513c18a0dee19c19"},
    {file = "pymongo-4.6.3-cp311-cp311-manylinux_2_5_i686.manylinux1_i686.manylinux_2_17_i686.manylinux2014_i686.whl", hash = "sha256:0e208f2ab7b495eff8fd175022abfb0abce6307ac5aee3f4de51fc1a459b71c9"},
    {file = "pymongo-4.6.3-cp311-cp311-win32.whl", hash = "sha256:4670edbb5ddd71a4d555668ef99b032a5f81b59e4145d66123aa0d831eac7883"},
    {file = "pymongo-4.6.3-cp311-cp311-win_amd64.whl", hash = "sha256:1c2761302b6cbfd12e239ce1b8061d4cf424a361d199dcb32da534985cae9350"},
    {file = "pymongo-4.6.3-cp312-cp312-macosx_10_9_universal2.whl", hash = "sha256:722f2b709b63311c0efda4fa4c603661faa4bec6bad24a6cc41a3bc6d841bf09"},
    {file = "pymongo-4.6.3-cp312-cp312-manylinux_2_17_aarch64.manylinux2014_aarch64.whl", hash = "sha256:994386a4d6ad39e18bcede6dc8d1d693ec3ed897b88f86b1841fbc37227406da"},
    {file = "pymongo-4.6.3-cp312-cp312-manylinux_2_17_ppc64le.manylinux2014_ppc64le.whl", hash = "sha256:391aea047bba928006114282f175bc8d09c53fe1b7d8920bf888325e229302fe"},
    {file = "pymongo-4.6.3-cp312-cp312-manylinux_2_17_s390x.manylinux2014_s390x.whl", hash = "sha256:f4330c022024e7994b630199cdae909123e4b0e9cf15335de71b146c0f6a2435"},
    {file = "pymongo-4.6.3-cp312-cp312-manylinux_2_17_x86_64.manylinux2014_x86_64.whl", hash = "sha256:01277a7e183c59081368e4efbde2b8f577014431b257959ca98d3a4e8682dd51"},
    {file = "pymongo-4.6.3-cp312-cp312-manylinux_2_5_i686.manylinux1_i686.manylinux_2_17_i686.manylinux2014_i686.whl", hash = "sha256:d30d5d7963453b478016bf7b0d87d7089ca24d93dbdecfbc9aa32f1b4772160a"},
    {file = "pymongo-4.6.3-cp312-cp312-win32.whl", hash = "sha256:a023804a3ac0f85d4510265b60978522368b5815772262e61e3a2222a8b315c9"},
    {file = "pymongo-4.6.3-cp312-cp312-win_amd64.whl", hash = "sha256:2a6ae9a600bbc2dbff719c98bf5da584fb8a4f2bb23729a09be2e9c3dbc61c8a"},
    {file = "pymongo-4.6.3-cp37-cp37m-macosx_10_6_intel.whl", hash = "sha256:3b909e5b1864de01510079b39bbdc480720c37747be5552b354bc73f02c24a3c"},
    {file = "pymongo-4.6.3-cp37-cp37m-manylinux1_i686.whl", hash = "sha256:48c60bd32ec141c0d45d8471179430003d9fb4490da181b8165fb1dce9cc255c"},
    {file = "pymongo-4.6.3-cp37-cp37m-manylinux1_x86_64.whl", hash = "sha256:36d7049fc183fe4edda3eae7f66ea14c660921429e082fe90b4b7f4dc6664a70"},
    {file = "pymongo-4.6.3-cp37-cp37m-manylinux2014_aarch64.whl", hash = "sha256:18e5c161b18660f1c9d1f78236de45520a436be65e42b7bb51f25f74ad22bdde"},
    {file = "pymongo-4.6.3-cp37-cp37m-manylinux2014_i686.whl", hash = "sha256:e458e6fc2b7dd40d15cda04898bd2d8c9ff7ae086c516bc261628d54eb4e3158"},
    {file = "pymongo-4.6.3-cp37-cp37m-manylinux2014_ppc64le.whl", hash = "sha256:e420e74c6db4594a6d09f39b58c0772679006cb0b4fc40901ba608794d87dad2"},
    {file = "pymongo-4.6.3-cp37-cp37m-manylinux2014_s390x.whl", hash = "sha256:9c9340c7161e112e36ebb97fbba1cdbe7db3dfacb694d2918b1f155a01f3d859"},
    {file = "pymongo-4.6.3-cp37-cp37m-manylinux2014_x86_64.whl", hash = "sha256:26d036e0f5de09d0b21d0fc30314fcf2ae6359e4d43ae109aa6cf27b4ce02d30"},
    {file = "pymongo-4.6.3-cp37-cp37m-manylinux_2_17_aarch64.manylinux2014_aarch64.whl", hash = "sha256:b7cf28d9c90e40d4e385b858e4095739829f466f23e08674085161d86bb4bb10"},
    {file = "pymongo-4.6.3-cp37-cp37m-manylinux_2_17_ppc64le.manylinux2014_ppc64le.whl", hash = "sha256:9066dff9dc0a182478ca5885d0b8a2b820b462e19459ada109df7a3ced31b272"},
    {file = "pymongo-4.6.3-cp37-cp37m-manylinux_2_17_s390x.manylinux2014_s390x.whl", hash = "sha256:e1e1586ebdebe0447a24842480defac17c496430a218486c96e2da3f164c0f05"},
    {file = "pymongo-4.6.3-cp37-cp37m-manylinux_2_17_x86_64.manylinux2014_x86_64.whl", hash = "sha256:8b3853fb66bf34ce1b6e573e1bbb3cb28763be9d1f57758535757faf1ab2f24a"},
    {file = "pymongo-4.6.3-cp37-cp37m-manylinux_2_5_i686.manylinux1_i686.manylinux_2_17_i686.manylinux2014_i686.whl", hash = "sha256:462684a6f5ce6f2661c30eab4d1d459231e0eed280f338e716e31a24fc09ccb3"},
    {file = "pymongo-4.6.3-cp37-cp37m-manylinux_2_5_i686.manylinux1_i686.whl", hash = "sha256:0a4ea44e5a913bdb7c9abd34c69e9fcfac10dfaf49765463e0dc1ea922dd2a9d"},
    {file = "pymongo-4.6.3-cp37-cp37m-manylinux_2_5_x86_64.manylinux1_x86_64.whl", hash = "sha256:098d420a8214ad25f872de7e8b309441995d12ece0376218a04d9ed5d2222cf3"},
    {file = "pymongo-4.6.3-cp37-cp37m-win32.whl", hash = "sha256:7330245253fbe2e09845069d2f4d35dd27f63e377034c94cb0ddac18bc8b0d82"},
    {file = "pymongo-4.6.3-cp37-cp37m-win_amd64.whl", hash = "sha256:151361c101600a85cb1c1e0db4e4b28318b521fcafa9b62d389f7342faaaee80"},
    {file = "pymongo-4.6.3-cp38-cp38-macosx_11_0_universal2.whl", hash = "sha256:4d167d546352869125dc86f6fda6dffc627d8a9c8963eaee665825f2520d542b"},
    {file = "pymongo-4.6.3-cp38-cp38-manylinux1_i686.whl", hash = "sha256:eaf3d594ebfd5e1f3503d81e06a5d78e33cda27418b36c2491c3d4ad4fca5972"},
    {file = "pymongo-4.6.3-cp38-cp38-manylinux1_x86_64.whl", hash = "sha256:7ee79e02a7c5ed34706ecb5dad19e6c7d267cf86d28c075ef3127c58f3081279"},
    {file = "pymongo-4.6.3-cp38-cp38-manylinux2014_aarch64.whl", hash = "sha256:af5c5112db04cf62a5d9d224a24f289aaecb47d152c08a457cca81cee061d5bd"},
    {file = "pymongo-4.6.3-cp38-cp38-manylinux2014_i686.whl", hash = "sha256:6b5aec78aa4840e8d6c3881900259892ab5733a366696ca10d99d68c3d73eaaf"},
    {file = "pymongo-4.6.3-cp38-cp38-manylinux2014_ppc64le.whl", hash = "sha256:9757602fb45c8ecc1883fe6db7c59c19d87eb3c645ec9342d28a6026837da931"},
    {file = "pymongo-4.6.3-cp38-cp38-manylinux2014_s390x.whl", hash = "sha256:dde9fb6e105ce054339256a8b7a9775212ebb29596ef4e402d7bbc63b354d202"},
    {file = "pymongo-4.6.3-cp38-cp38-manylinux2014_x86_64.whl", hash = "sha256:7df8b166d3db6cfead4cf55b481408d8f0935d8bd8d6dbf64507c49ef82c7200"},
    {file = "pymongo-4.6.3-cp38-cp38-manylinux_2_17_aarch64.manylinux2014_aarch64.whl", hash = "sha256:53451190b8628e1ce7d1fe105dc376c3f10705127bd3b51fe3e107b9ff1851e6"},
    {file = "pymongo-4.6.3-cp38-cp38-manylinux_2_17_ppc64le.manylinux2014_ppc64le.whl", hash = "sha256:75107a386d4ccf5291e75cce8ca3898430e7907f4cc1208a17c9efad33a1ea84"},
    {file = "pymongo-4.6.3-cp38-cp38-manylinux_2_17_s390x.manylinux2014_s390x.whl", hash = "sha256:4a0660ce32d8459b7f12dc3ca0141528fead62d3cce31b548f96f30902074cc0"},
    {file = "pymongo-4.6.3-cp38-cp38-manylinux_2_17_x86_64.manylinux2014_x86_64.whl", hash = "sha256:aa310096450e9c461b7dfd66cbc1c41771fe36c06200440bb3e062b1d4a06b6e"},
    {file = "pymongo-4.6.3-cp38-cp38-manylinux_2_5_i686.manylinux1_i686.manylinux_2_17_i686.manylinux2014_i686.whl", hash = "sha256:5f465cca9b178e7bb782f952dd58e9e92f8ba056e585959465f2bb50feddef5f"},
    {file = "pymongo-4.6.3-cp38-cp38-manylinux_2_5_i686.manylinux1_i686.whl", hash = "sha256:c67c19f653053ef2ebd7f1837c2978400058d6d7f66ec5760373a21eaf660158"},
    {file = "pymongo-4.6.3-cp38-cp38-manylinux_2_5_x86_64.manylinux1_x86_64.whl", hash = "sha256:c701de8e483fb5e53874aab642235361aac6de698146b02c644389eaa8c137b6"},
    {file = "pymongo-4.6.3-cp38-cp38-win32.whl", hash = "sha256:90525454546536544307e6da9c81f331a71a1b144e2d038fec587cc9f9250285"},
    {file = "pymongo-4.6.3-cp38-cp38-win_amd64.whl", hash = "sha256:3e1ba5a037c526a3f4060c28f8d45d71ed9626e2bf954b0cd9a8dcc3b45172ee"},
    {file = "pymongo-4.6.3-cp39-cp39-macosx_10_9_universal2.whl", hash = "sha256:14a82593528cddc93cfea5ee78fac95ae763a3a4e124ca79ee0b24fbbc6da1c9"},
    {file = "pymongo-4.6.3-cp39-cp39-manylinux1_i686.whl", hash = "sha256:cd6c15242d9306ff1748681c3235284cbe9f807aeaa86cd17d85e72af626e9a7"},
    {file = "pymongo-4.6.3-cp39-cp39-manylinux1_x86_64.whl", hash = "sha256:6de33f1b2eed91b802ec7abeb92ffb981d052f3604b45588309aae9e0f6e3c02"},
    {file = "pymongo-4.6.3-cp39-cp39-manylinux2014_aarch64.whl", hash = "sha256:0182899aafe830f25cf96c5976d724efeaaf7b6646c15424ad8dd25422b2efe1"},
    {file = "pymongo-4.6.3-cp39-cp39-manylinux2014_i686.whl", hash = "sha256:8d0ea740a2faa56f930dc82c5976d96c017ece26b29a1cddafb58721c7aab960"},
    {file = "pymongo-4.6.3-cp39-cp39-manylinux2014_ppc64le.whl", hash = "sha256:5c8a4982f5eb767c6fbfb8fb378683d09bcab7c3251ba64357eef600d43f6c23"},
    {file = "pymongo-4.6.3-cp39-cp39-manylinux2014_s390x.whl", hash = "sha256:becfa816545a48c8e740ac2fd624c1c121e1362072d68ffcf37a6b1be8ea187e"},
    {file = "pymongo-4.6.3-cp39-cp39-manylinux2014_x86_64.whl", hash = "sha256:ff7d1f449fcad23d9bc8e8dc2b9972be38bcd76d99ea5f7d29b2efa929c2a7ff"},
    {file = "pymongo-4.6.3-cp39-cp39-manylinux_2_17_aarch64.manylinux2014_aarch64.whl", hash = "sha256:e097f877de4d6af13a33ef938bf2a2350f424be5deabf8b857da95f5b080487a"},
    {file = "pymongo-4.6.3-cp39-cp39-manylinux_2_17_ppc64le.manylinux2014_ppc64le.whl", hash = "sha256:705a9bfd619301ee7e985d6f91f68b15dfcb2f6f36b8cc225cc82d4260d2bce5"},
    {file = "pymongo-4.6.3-cp39-cp39-manylinux_2_17_s390x.manylinux2014_s390x.whl", hash = "sha256:2ef1b4992ee1cb8bb16745e70afa0c02c5360220a7a8bb4775888721f052d0a6"},
    {file = "pymongo-4.6.3-cp39-cp39-manylinux_2_17_x86_64.manylinux2014_x86_64.whl", hash = "sha256:b3d10bdd46cbc35a2109737d36ffbef32e7420569a87904738ad444ccb7ac2c5"},
    {file = "pymongo-4.6.3-cp39-cp39-manylinux_2_5_i686.manylinux1_i686.manylinux_2_17_i686.manylinux2014_i686.whl", hash = "sha256:17c1c143ba77d6e21fc8b48e93f0a5ed982a23447434e9ee4fbb6d633402506b"},
    {file = "pymongo-4.6.3-cp39-cp39-manylinux_2_5_i686.manylinux1_i686.whl", hash = "sha256:9e51e30d67b468a2a634ade928b30cb3e420127f148a9aec60de33f39087bdc4"},
    {file = "pymongo-4.6.3-cp39-cp39-manylinux_2_5_x86_64.manylinux1_x86_64.whl", hash = "sha256:bec8e4e88984be157408f1923d25869e1b575c07711cdbdde596f66931800934"},
    {file = "pymongo-4.6.3-cp39-cp39-win32.whl", hash = "sha256:98877a9c4ad42df8253a12d8d17a3265781d1feb5c91c767bd153f88feb0b670"},
    {file = "pymongo-4.6.3-cp39-cp39-win_amd64.whl", hash = "sha256:6d5b35da9e16cda630baed790ffc3d0d01029d269523a7cec34d2ec7e6823e75"},
    {file = "pymongo-4.6.3.tar.gz", hash = "sha256:400074090b9a631f120b42c61b222fd743490c133a5d2f99c0208cefcccc964e"},
]

[package.dependencies]
dnspython = ">=1.16.0,<3.0.0"

[package.extras]
aws = ["pymongo-auth-aws (<2.0.0)"]
encryption = ["certifi", "pymongo[aws]", "pymongocrypt (>=1.6.0,<2.0.0)"]
gssapi = ["pykerberos", "winkerberos (>=0.5.0)"]
ocsp = ["certifi", "cryptography (>=2.5)", "pyopenssl (>=17.2.0)", "requests (<3.0.0)", "service-identity (>=18.1.0)"]
snappy = ["python-snappy"]
test = ["pytest (>=7)"]
zstd = ["zstandard"]

[[package]]
name = "werkzeug"
version = "3.0.3"
description = "The comprehensive WSGI web application library."
optional = false
python-versions = ">=3.8"
files = [
    {file = "werkzeug-3.0.3-py3-none-any.whl", hash = "sha256:fc9645dc43e03e4d630d23143a04a7f947a9a3b5727cd535fdfe155a17cc48c8"},
    {file = "werkzeug-3.0.3.tar.gz", hash = "sha256:097e5bfda9f0aba8da6b8545146def481d06aa7d3266e7448e2cccf67dd8bd18"},
]

[package.dependencies]
MarkupSafe = ">=2.1.1"

[package.extras]
watchdog = ["watchdog (>=2.3)"]

[[package]]
name = "zipp"
version = "3.19.1"
description = "Backport of pathlib-compatible object wrapper for zip files"
optional = false
python-versions = ">=3.8"
files = [
    {file = "zipp-3.19.1-py3-none-any.whl", hash = "sha256:2828e64edb5386ea6a52e7ba7cdb17bb30a73a858f5eb6eb93d8d36f5ea26091"},
    {file = "zipp-3.19.1.tar.gz", hash = "sha256:35427f6d5594f4acf82d25541438348c26736fa9b3afa2754bcd63cdb99d8e8f"},
]

[package.extras]
doc = ["furo", "jaraco.packaging (>=9.3)", "jaraco.tidelift (>=1.4)", "rst.linker (>=1.9)", "sphinx (>=3.5)", "sphinx-lint"]
test = ["big-O", "jaraco.functools", "jaraco.itertools", "jaraco.test", "more-itertools", "pytest (>=6,!=8.1.*)", "pytest-checkdocs (>=2.4)", "pytest-cov", "pytest-enabler (>=2.2)", "pytest-ignore-flaky", "pytest-mypy", "pytest-ruff (>=0.2.1)"]

[metadata]
lock-version = "2.0"
python-versions = "^3.9"
content-hash = "51e605031b74852109d65e33e0717c18210719260162b76acca331ab2cecc38c"
